
Microsoft Visual Studio Solution File, Format Version 12.00
# Visual Studio Version 17
VisualStudioVersion = 17.1.32228.430
MinimumVisualStudioVersion = 10.0.40219.1
Project("{8BC9CEB8-8B4A-11D0-8D11-00A0C91BC942}") = "atlas", "atlas\atlas.vcxproj", "{AAA55138-909C-411F-851C-8ACE9FED75CD}"
EndProject
Project("{8BC9CEB8-8B4A-11D0-8D11-00A0C91BC942}") = "testsuite", "testsuite\testsuite.vcxproj", "{17A18A43-CD47-4C96-B24F-E7B0AA2B1A78}"
EndProject
Project("{8BC9CEB8-8B4A-11D0-8D11-00A0C91BC942}") = "datamanager", "datamanager\datamanager.vcxproj", "{5299D5DC-FAFE-4D21-9311-2DA6EF967BC6}"
EndProject
Project("{8BC9CEB8-8B4A-11D0-8D11-00A0C91BC942}") = "parsers", "parsers\parsers.vcxproj", "{D2D8781F-E89C-4160-A019-C87445DBDB7C}"
EndProject
Project("{8BC9CEB8-8B4A-11D0-8D11-00A0C91BC942}") = "curvemanager", "CurveManager\CurveManager.vcxproj", "{464C00CE-2798-4A8B-B3AC-4FCE996C724D}"
EndProject
Global
	GlobalSection(SolutionConfigurationPlatforms) = preSolution
		Debug|x64 = Debug|x64
		Debug|x86 = Debug|x86
		Release|x64 = Release|x64
		Release|x86 = Release|x86
	EndGlobalSection
	GlobalSection(ProjectConfigurationPlatforms) = postSolution
		{AAA55138-909C-411F-851C-8ACE9FED75CD}.Debug|x64.ActiveCfg = Debug|x64
		{AAA55138-909C-411F-851C-8ACE9FED75CD}.Debug|x64.Build.0 = Debug|x64
		{AAA55138-909C-411F-851C-8ACE9FED75CD}.Debug|x86.ActiveCfg = Debug|Win32
		{AAA55138-909C-411F-851C-8ACE9FED75CD}.Debug|x86.Build.0 = Debug|Win32
		{AAA55138-909C-411F-851C-8ACE9FED75CD}.Release|x64.ActiveCfg = Release|x64
		{AAA55138-909C-411F-851C-8ACE9FED75CD}.Release|x64.Build.0 = Release|x64
		{AAA55138-909C-411F-851C-8ACE9FED75CD}.Release|x86.ActiveCfg = Release|Win32
		{AAA55138-909C-411F-851C-8ACE9FED75CD}.Release|x86.Build.0 = Release|Win32
		{17A18A43-CD47-4C96-B24F-E7B0AA2B1A78}.Debug|x64.ActiveCfg = Debug|x64
		{17A18A43-CD47-4C96-B24F-E7B0AA2B1A78}.Debug|x64.Build.0 = Debug|x64
		{17A18A43-CD47-4C96-B24F-E7B0AA2B1A78}.Debug|x86.ActiveCfg = Debug|Win32
		{17A18A43-CD47-4C96-B24F-E7B0AA2B1A78}.Debug|x86.Build.0 = Debug|Win32
		{17A18A43-CD47-4C96-B24F-E7B0AA2B1A78}.Release|x64.ActiveCfg = Release|x64
		{17A18A43-CD47-4C96-B24F-E7B0AA2B1A78}.Release|x64.Build.0 = Release|x64
		{17A18A43-CD47-4C96-B24F-E7B0AA2B1A78}.Release|x86.ActiveCfg = Release|Win32
		{17A18A43-CD47-4C96-B24F-E7B0AA2B1A78}.Release|x86.Build.0 = Release|Win32
		{5299D5DC-FAFE-4D21-9311-2DA6EF967BC6}.Debug|x64.ActiveCfg = Debug|x64
		{5299D5DC-FAFE-4D21-9311-2DA6EF967BC6}.Debug|x64.Build.0 = Debug|x64
		{5299D5DC-FAFE-4D21-9311-2DA6EF967BC6}.Debug|x86.ActiveCfg = Debug|Win32
		{5299D5DC-FAFE-4D21-9311-2DA6EF967BC6}.Debug|x86.Build.0 = Debug|Win32
		{5299D5DC-FAFE-4D21-9311-2DA6EF967BC6}.Release|x64.ActiveCfg = Release|x64
		{5299D5DC-FAFE-4D21-9311-2DA6EF967BC6}.Release|x64.Build.0 = Release|x64
		{5299D5DC-FAFE-4D21-9311-2DA6EF967BC6}.Release|x86.ActiveCfg = Release|Win32
		{5299D5DC-FAFE-4D21-9311-2DA6EF967BC6}.Release|x86.Build.0 = Release|Win32
		{D2D8781F-E89C-4160-A019-C87445DBDB7C}.Debug|x64.ActiveCfg = Debug|x64
		{D2D8781F-E89C-4160-A019-C87445DBDB7C}.Debug|x64.Build.0 = Debug|x64
		{D2D8781F-E89C-4160-A019-C87445DBDB7C}.Debug|x86.ActiveCfg = Debug|Win32
		{D2D8781F-E89C-4160-A019-C87445DBDB7C}.Debug|x86.Build.0 = Debug|Win32
		{D2D8781F-E89C-4160-A019-C87445DBDB7C}.Release|x64.ActiveCfg = Release|x64
		{D2D8781F-E89C-4160-A019-C87445DBDB7C}.Release|x64.Build.0 = Release|x64
		{D2D8781F-E89C-4160-A019-C87445DBDB7C}.Release|x86.ActiveCfg = Release|Win32
		{D2D8781F-E89C-4160-A019-C87445DBDB7C}.Release|x86.Build.0 = Release|Win32
		{464C00CE-2798-4A8B-B3AC-4FCE996C724D}.Debug|x64.ActiveCfg = Debug|x64
		{464C00CE-2798-4A8B-B3AC-4FCE996C724D}.Debug|x64.Build.0 = Debug|x64
		{464C00CE-2798-4A8B-B3AC-4FCE996C724D}.Debug|x86.ActiveCfg = Debug|Win32
		{464C00CE-2798-4A8B-B3AC-4FCE996C724D}.Debug|x86.Build.0 = Debug|Win32
		{464C00CE-2798-4A8B-B3AC-4FCE996C724D}.Release|x64.ActiveCfg = Release|x64
		{464C00CE-2798-4A8B-B3AC-4FCE996C724D}.Release|x64.Build.0 = Release|x64
		{464C00CE-2798-4A8B-B3AC-4FCE996C724D}.Release|x86.ActiveCfg = Release|Win32
		{464C00CE-2798-4A8B-B3AC-4FCE996C724D}.Release|x86.Build.0 = Release|Win32
	EndGlobalSection
	GlobalSection(SolutionProperties) = preSolution
		HideSolutionNode = FALSE
	EndGlobalSection
	GlobalSection(ExtensibilityGlobals) = postSolution
		SolutionGuid = {D20C1686-A293-4B99-86DE-6CA77D536627}
	EndGlobalSection
EndGlobal
