<?xml version="1.0" encoding="utf-8"?>
<Project ToolsVersion="4.0" xmlns="http://schemas.microsoft.com/developer/msbuild/2003">
  <ItemGroup>
    <Filter Include="main">
      <UniqueIdentifier>{93995380-89BD-4b04-88EB-625FBE52EBFB}</UniqueIdentifier>
      <Extensions>h;hh;hpp;hxx;h++;hm;inl;inc;ipp;xsd</Extensions>
    </Filter>
    <Filter Include="db">
      <UniqueIdentifier>{009e167d-f52c-4800-9b1a-1e97755075de}</UniqueIdentifier>
    </Filter>
  </ItemGroup>
  <ItemGroup>
    <ClInclude Include="datamanager.hpp">
      <Filter>main</Filter>
    </ClInclude>
    <ClInclude Include="database.hpp">
      <Filter>db</Filter>
    </ClInclude>
  </ItemGroup>
  <ItemGroup>
    <ClCompile Include="datamanager.cpp">
      <Filter>main</Filter>
    </ClCompile>
    <ClCompile Include="database.cpp">
      <Filter>db</Filter>
    </ClCompile>
  </ItemGroup>
</Project>