<?xml version="1.0" encoding="utf-8"?>
<Project ToolsVersion="4.0" xmlns="http://schemas.microsoft.com/developer/msbuild/2003">
  <ItemGroup>
    <Filter Include="visitors">
      <UniqueIdentifier>{6f7301dc-ec31-49ff-8678-a7700c64dbe5}</UniqueIdentifier>
    </Filter>
    <Filter Include="datastruct">
      <UniqueIdentifier>{855882db-3a41-4819-a4ad-c926ee4140e7}</UniqueIdentifier>
    </Filter>
    <Filter Include="aux">
      <UniqueIdentifier>{e7ee540f-c348-497c-bc93-47cf1d063f54}</UniqueIdentifier>
    </Filter>
    <Filter Include="curves">
      <UniqueIdentifier>{1b286580-e287-4204-9991-9055f625b9f5}</UniqueIdentifier>
    </Filter>
    <Filter Include="models">
      <UniqueIdentifier>{1c1a6858-2d98-4a3f-8e6c-5cac863f9c26}</UniqueIdentifier>
    </Filter>
    <Filter Include="instruments">
      <UniqueIdentifier>{cc466be8-e4be-43c0-843c-dde9ed1a6d62}</UniqueIdentifier>
    </Filter>
    <Filter Include="main">
      <UniqueIdentifier>{93995380-89BD-4b04-88EB-625FBE52EBFB}</UniqueIdentifier>
      <Extensions>h;hh;hpp;hxx;h++;hm;inl;inc;ipp;xsd</Extensions>
    </Filter>
  </ItemGroup>
  <ItemGroup>
    <ClCompile Include="instruments.cpp">
      <Filter>instruments</Filter>
    </ClCompile>
    <ClCompile Include="auxFuncs.cpp">
      <Filter>aux</Filter>
    </ClCompile>
    <ClCompile Include="marketData.cpp">
      <Filter>datastruct</Filter>
    </ClCompile>
    <ClCompile Include="fixedRateInst.cpp">
      <Filter>instruments</Filter>
    </ClCompile>
    <ClCompile Include="floatingRateInst.cpp">
      <Filter>instruments</Filter>
    </ClCompile>
    <ClCompile Include="atlas.cpp">
      <Filter>main</Filter>
    </ClCompile>
  </ItemGroup>
  <ItemGroup>
    <ClInclude Include="atlas.hpp">
      <Filter>main</Filter>
    </ClInclude>
    <ClInclude Include="instruments.hpp">
      <Filter>instruments</Filter>
    </ClInclude>
    <ClInclude Include="visitor.hpp">
      <Filter>visitors</Filter>
    </ClInclude>
    <ClInclude Include="bucketing.hpp">
      <Filter>visitors</Filter>
    </ClInclude>
    <ClInclude Include="buckets.hpp">
      <Filter>datastruct</Filter>
    </ClInclude>
    <ClInclude Include="marketData.hpp">
      <Filter>datastruct</Filter>
    </ClInclude>
    <ClInclude Include="QL.hpp">
      <Filter>aux</Filter>
    </ClInclude>
    <ClInclude Include="auxFuncs.hpp">
      <Filter>aux</Filter>
    </ClInclude>
    <ClInclude Include="curve.hpp">
      <Filter>curves</Filter>
    </ClInclude>
    <ClInclude Include="indexers.hpp">
      <Filter>visitors</Filter>
    </ClInclude>
    <ClInclude Include="pricers.hpp">
      <Filter>visitors</Filter>
    </ClInclude>
    <ClInclude Include="model.hpp">
      <Filter>models</Filter>
    </ClInclude>
    <ClInclude Include="fixedRateInst.hpp">
      <Filter>instruments</Filter>
    </ClInclude>
    <ClInclude Include="floatingRateInst.hpp">
      <Filter>instruments</Filter>
    </ClInclude>
  </ItemGroup>
</Project>