<?xml version="1.0" encoding="utf-8"?>
<Project ToolsVersion="4.0" xmlns="http://schemas.microsoft.com/developer/msbuild/2003">
  <ItemGroup>
    <Filter Include="Archivos de origen">
      <UniqueIdentifier>{4FC737F1-C7A5-4376-A066-2A32D752A2FF}</UniqueIdentifier>
      <Extensions>cpp;c;cc;cxx;c++;cppm;ixx;def;odl;idl;hpj;bat;asm;asmx</Extensions>
    </Filter>
    <Filter Include="server">
      <UniqueIdentifier>{2f1523fd-a167-4777-b856-175bf894ff50}</UniqueIdentifier>
    </Filter>
    <Filter Include="database">
      <UniqueIdentifier>{b7d6677a-d1ca-4e27-9335-ab3fad33ace6}</UniqueIdentifier>
    </Filter>
    <Filter Include="curvemanager">
      <UniqueIdentifier>{8a7d58c5-788c-470d-a57f-27eff909605b}</UniqueIdentifier>
    </Filter>
    <Filter Include="parser">
      <UniqueIdentifier>{78a9e17a-e781-4c61-bc13-9d54fe762c19}</UniqueIdentifier>
    </Filter>
  </ItemGroup>
  <ItemGroup>
    <ClCompile Include="main.cpp" />
    <ClCompile Include="curvemanager\curvemanager.cpp">
      <Filter>curvemanager</Filter>
    </ClCompile>
    <ClCompile Include="curvemanager\curvestore.cpp">
      <Filter>curvemanager</Filter>
    </ClCompile>
  </ItemGroup>
  <ItemGroup>
    <ClInclude Include="curvemanager\configurations.hpp">
      <Filter>curvemanager</Filter>
    </ClInclude>
    <ClInclude Include="curvemanager\curvemanager.hpp">
      <Filter>curvemanager</Filter>
    </ClInclude>
    <ClInclude Include="curvemanager\qlconfig.hpp">
      <Filter>curvemanager</Filter>
    </ClInclude>
    <ClInclude Include="database\database.hpp">
      <Filter>database</Filter>
    </ClInclude>
    <ClInclude Include="parser\parser.h">
      <Filter>parser</Filter>
    </ClInclude>
    <ClInclude Include="curvemanager\curvestore.hpp">
      <Filter>curvemanager</Filter>
    </ClInclude>
  </ItemGroup>
</Project>